
Microsoft Visual Studio Solution File, Format Version 12.00
# Visual Studio Version 16
VisualStudioVersion = 16.0.33801.447
MinimumVisualStudioVersion = 10.0.40219.1
Project("{FAE04EC0-301F-11D3-BF4B-00C04F79EFBC}") = "CarRental", "CarRental\CarRental.csproj", "{7159CFE4-CEC5-47C5-A5E2-82CC7AF85074}"
EndProject
Project("{FAE04EC0-301F-11D3-BF4B-00C04F79EFBC}") = "BLL", "BLL\BLL.csproj", "{E5985A40-EEBF-407F-8DA1-37BBAF6FD296}"
EndProject
Project("{FAE04EC0-301F-11D3-BF4B-00C04F79EFBC}") = "DAL", "DAL\DAL.csproj", "{2CE108D9-6D69-4492-AF28-0686D2A5FC0C}"
EndProject
Global
	GlobalSection(SolutionConfigurationPlatforms) = preSolution
		Debug|Any CPU = Debug|Any CPU
		Release|Any CPU = Release|Any CPU
	EndGlobalSection
	GlobalSection(ProjectConfigurationPlatforms) = postSolution
		{7159CFE4-CEC5-47C5-A5E2-82CC7AF85074}.Debug|Any CPU.ActiveCfg = Debug|Any CPU
		{7159CFE4-CEC5-47C5-A5E2-82CC7AF85074}.Debug|Any CPU.Build.0 = Debug|Any CPU
		{7159CFE4-CEC5-47C5-A5E2-82CC7AF85074}.Release|Any CPU.ActiveCfg = Release|Any CPU
		{7159CFE4-CEC5-47C5-A5E2-82CC7AF85074}.Release|Any CPU.Build.0 = Release|Any CPU
		{E5985A40-EEBF-407F-8DA1-37BBAF6FD296}.Debug|Any CPU.ActiveCfg = Debug|Any CPU
		{E5985A40-EEBF-407F-8DA1-37BBAF6FD296}.Debug|Any CPU.Build.0 = Debug|Any CPU
		{E5985A40-EEBF-407F-8DA1-37BBAF6FD296}.Release|Any CPU.ActiveCfg = Release|Any CPU
		{E5985A40-EEBF-407F-8DA1-37BBAF6FD296}.Release|Any CPU.Build.0 = Release|Any CPU
		{2CE108D9-6D69-4492-AF28-0686D2A5FC0C}.Debug|Any CPU.ActiveCfg = Debug|Any CPU
		{2CE108D9-6D69-4492-AF28-0686D2A5FC0C}.Debug|Any CPU.Build.0 = Debug|Any CPU
		{2CE108D9-6D69-4492-AF28-0686D2A5FC0C}.Release|Any CPU.ActiveCfg = Release|Any CPU
		{2CE108D9-6D69-4492-AF28-0686D2A5FC0C}.Release|Any CPU.Build.0 = Release|Any CPU
	EndGlobalSection
	GlobalSection(SolutionProperties) = preSolution
		HideSolutionNode = FALSE
	EndGlobalSection
	GlobalSection(ExtensibilityGlobals) = postSolution
		SolutionGuid = {870FD23F-F9FB-44E7-8777-13542524A705}
	EndGlobalSection
EndGlobal
